{
  "name": "exercise_2",
  "version": "1.0.0",
  "lockfileVersion": 3,
  "requires": true,
  "packages": {
    "": {
      "name": "exercise_2",
      "version": "1.0.0",
      "license": "ISC",
      "dependencies": {
        "fs": "^0.0.1-security",
        "random-array-subset": "^1.0.2",
        "random-item": "^4.0.1"
      }
    },
    "node_modules/fs": {
      "version": "0.0.1-security",
      "resolved": "https://registry.npmjs.org/fs/-/fs-0.0.1-security.tgz",
      "integrity": "sha512-3XY9e1pP0CVEUCdj5BmfIZxRBTSDycnbqhIOGec9QYtmVH2fbLpj86CFWkrNOkt/Fvty4KZG5lTglL9j/gJ87w=="
    },
    "node_modules/random-array-subset": {
      "version": "1.0.2",
      "resolved": "https://registry.npmjs.org/random-array-subset/-/random-array-subset-1.0.2.tgz",
      "integrity": "sha512-Ihe9KVOY23u6BkuBwqlXIFT4qgQf+Xfg9eomJmQwvkcAGNVm5j4uRM5gH3bOwl/zSy+mXEcOVXa8EXzX8Ip3vw=="
    },
    "node_modules/random-item": {
      "version": "4.0.1",
      "resolved": "https://registry.npmjs.org/random-item/-/random-item-4.0.1.tgz",
      "integrity": "sha512-52SyTkFhFm6YP6MN9U5+txr8lBN5/fE2+xjzp1snaDzDNHN8a6Lu/G9fSc3gvD1+bmT+kIS7A0EP9QJQgRBfsg==",
      "engines": {
        "node": ">=12"
      },
      "funding": {
        "url": "https://github.com/sponsors/sindresorhus"
      }
    }
  }
}
